
Microsoft Visual Studio Solution File, Format Version 12.00
# Visual Studio Version 16
VisualStudioVersion = 16.0.30330.147
MinimumVisualStudioVersion = 10.0.40219.1
Project("{9A19103F-16F7-4668-BE54-9A1E7A4F7556}") = "Omega-Config", "Omega-Config.csproj", "{5E7DAC0D-D846-49A1-A7F3-99CDEC5615BA}"
EndProject
Global
	GlobalSection(SolutionConfigurationPlatforms) = preSolution
		Debug|Any CPU = Debug|Any CPU
		Release|Any CPU = Release|Any CPU
	EndGlobalSection
	GlobalSection(ProjectConfigurationPlatforms) = postSolution
		{5E7DAC0D-D846-49A1-A7F3-99CDEC5615BA}.Debug|Any CPU.ActiveCfg = Debug|Any CPU
		{5E7DAC0D-D846-49A1-A7F3-99CDEC5615BA}.Debug|Any CPU.Build.0 = Debug|Any CPU
		{5E7DAC0D-D846-49A1-A7F3-99CDEC5615BA}.Release|Any CPU.ActiveCfg = Release|Any CPU
		{5E7DAC0D-D846-49A1-A7F3-99CDEC5615BA}.Release|Any CPU.Build.0 = Release|Any CPU
	EndGlobalSection
	GlobalSection(SolutionProperties) = preSolution
		HideSolutionNode = FALSE
	EndGlobalSection
	GlobalSection(ExtensibilityGlobals) = postSolution
		SolutionGuid = {66A0FB71-55E9-4561-B925-65A3CB3D643F}
	EndGlobalSection
EndGlobal
